
Microsoft Visual Studio Solution File, Format Version 12.00
# Visual Studio Version 16
VisualStudioVersion = 16.0.30011.22
MinimumVisualStudioVersion = 10.0.40219.1
Project("{FAE04EC0-301F-11D3-BF4B-00C04F79EFBC}") = "Server", "Lab3\Server.csproj", "{7EF9CEC2-79DC-4BED-8F9A-5B641444C480}"
EndProject
Project("{FAE04EC0-301F-11D3-BF4B-00C04F79EFBC}") = "Client", "Client\Client.csproj", "{7A874E90-3F2E-4E07-A43A-4478F97D458E}"
EndProject
Global
	GlobalSection(SolutionConfigurationPlatforms) = preSolution
		Debug|Any CPU = Debug|Any CPU
		Release|Any CPU = Release|Any CPU
	EndGlobalSection
	GlobalSection(ProjectConfigurationPlatforms) = postSolution
		{7EF9CEC2-79DC-4BED-8F9A-5B641444C480}.Debug|Any CPU.ActiveCfg = Debug|Any CPU
		{7EF9CEC2-79DC-4BED-8F9A-5B641444C480}.Debug|Any CPU.Build.0 = Debug|Any CPU
		{7EF9CEC2-79DC-4BED-8F9A-5B641444C480}.Release|Any CPU.ActiveCfg = Release|Any CPU
		{7EF9CEC2-79DC-4BED-8F9A-5B641444C480}.Release|Any CPU.Build.0 = Release|Any CPU
		{7A874E90-3F2E-4E07-A43A-4478F97D458E}.Debug|Any CPU.ActiveCfg = Debug|Any CPU
		{7A874E90-3F2E-4E07-A43A-4478F97D458E}.Debug|Any CPU.Build.0 = Debug|Any CPU
		{7A874E90-3F2E-4E07-A43A-4478F97D458E}.Release|Any CPU.ActiveCfg = Release|Any CPU
		{7A874E90-3F2E-4E07-A43A-4478F97D458E}.Release|Any CPU.Build.0 = Release|Any CPU
	EndGlobalSection
	GlobalSection(SolutionProperties) = preSolution
		HideSolutionNode = FALSE
	EndGlobalSection
	GlobalSection(ExtensibilityGlobals) = postSolution
		SolutionGuid = {D09CDADB-6849-4003-A488-916DF1BDB348}
	EndGlobalSection
EndGlobal
